
Microsoft Visual Studio Solution File, Format Version 12.00
Project("{FAE04EC0-301F-11D3-BF4B-00C04F79EFBC}") = "WaermepumpeSimulator", "WaermepumpeSimulator\WaermepumpeSimulator.csproj", "{CF8D3263-74D7-474C-80C2-89476A59FB8B}"
EndProject
Project("{FAE04EC0-301F-11D3-BF4B-00C04F79EFBC}") = "WaermepumpeSimulator.Tests", "WaermepumpeSimulator.Tests\WaermepumpeSimulator.Tests.csproj", "{336F295A-66B7-46E1-B7D9-4B2F0DB54EAA}"
EndProject
Global
	GlobalSection(SolutionConfigurationPlatforms) = preSolution
		Debug|Any CPU = Debug|Any CPU
		Debug|x64 = Debug|x64
		Debug|x86 = Debug|x86
		Release|Any CPU = Release|Any CPU
		Release|x64 = Release|x64
		Release|x86 = Release|x86
	EndGlobalSection
	GlobalSection(ProjectConfigurationPlatforms) = postSolution
		{CF8D3263-74D7-474C-80C2-89476A59FB8B}.Debug|Any CPU.ActiveCfg = Debug|Any CPU
		{CF8D3263-74D7-474C-80C2-89476A59FB8B}.Debug|Any CPU.Build.0 = Debug|Any CPU
		{CF8D3263-74D7-474C-80C2-89476A59FB8B}.Debug|x64.ActiveCfg = Debug|Any CPU
		{CF8D3263-74D7-474C-80C2-89476A59FB8B}.Debug|x64.Build.0 = Debug|Any CPU
		{CF8D3263-74D7-474C-80C2-89476A59FB8B}.Debug|x86.ActiveCfg = Debug|Any CPU
		{CF8D3263-74D7-474C-80C2-89476A59FB8B}.Debug|x86.Build.0 = Debug|Any CPU
		{CF8D3263-74D7-474C-80C2-89476A59FB8B}.Release|Any CPU.ActiveCfg = Release|Any CPU
		{CF8D3263-74D7-474C-80C2-89476A59FB8B}.Release|Any CPU.Build.0 = Release|Any CPU
		{CF8D3263-74D7-474C-80C2-89476A59FB8B}.Release|x64.ActiveCfg = Release|Any CPU
		{CF8D3263-74D7-474C-80C2-89476A59FB8B}.Release|x64.Build.0 = Release|Any CPU
		{CF8D3263-74D7-474C-80C2-89476A59FB8B}.Release|x86.ActiveCfg = Release|Any CPU
		{CF8D3263-74D7-474C-80C2-89476A59FB8B}.Release|x86.Build.0 = Release|Any CPU
		{336F295A-66B7-46E1-B7D9-4B2F0DB54EAA}.Debug|Any CPU.ActiveCfg = Debug|Any CPU
		{336F295A-66B7-46E1-B7D9-4B2F0DB54EAA}.Debug|Any CPU.Build.0 = Debug|Any CPU
		{336F295A-66B7-46E1-B7D9-4B2F0DB54EAA}.Debug|x64.ActiveCfg = Debug|Any CPU
		{336F295A-66B7-46E1-B7D9-4B2F0DB54EAA}.Debug|x64.Build.0 = Debug|Any CPU
		{336F295A-66B7-46E1-B7D9-4B2F0DB54EAA}.Debug|x86.ActiveCfg = Debug|Any CPU
		{336F295A-66B7-46E1-B7D9-4B2F0DB54EAA}.Debug|x86.Build.0 = Debug|Any CPU
		{336F295A-66B7-46E1-B7D9-4B2F0DB54EAA}.Release|Any CPU.ActiveCfg = Release|Any CPU
		{336F295A-66B7-46E1-B7D9-4B2F0DB54EAA}.Release|Any CPU.Build.0 = Release|Any CPU
		{336F295A-66B7-46E1-B7D9-4B2F0DB54EAA}.Release|x64.ActiveCfg = Release|Any CPU
		{336F295A-66B7-46E1-B7D9-4B2F0DB54EAA}.Release|x64.Build.0 = Release|Any CPU
		{336F295A-66B7-46E1-B7D9-4B2F0DB54EAA}.Release|x86.ActiveCfg = Release|Any CPU
		{336F295A-66B7-46E1-B7D9-4B2F0DB54EAA}.Release|x86.Build.0 = Release|Any CPU
	EndGlobalSection
	GlobalSection(SolutionProperties) = preSolution
		HideSolutionNode = FALSE
	EndGlobalSection
EndGlobal
